// !$*UTF8*$!
{
	archiveVersion = 1;
	classes = {
	};
	objectVersion = 56;
	objects = {

/* Begin PBXBuildFile section */
		D534824129F968EC00780D54 /* DetailQueryService.swift in Sources */ = {isa = PBXBuildFile; fileRef = D534824029F968EC00780D54 /* DetailQueryService.swift */; };
		D534824629FAAE4A00780D54 /* BasePokemon.swift in Sources */ = {isa = PBXBuildFile; fileRef = D534824429FAAE3300780D54 /* BasePokemon.swift */; };
		D546E72229F7B854000BAA7A /* AppDelegate.swift in Sources */ = {isa = PBXBuildFile; fileRef = D546E72129F7B854000BAA7A /* AppDelegate.swift */; };
		D546E72429F7B854000BAA7A /* SceneDelegate.swift in Sources */ = {isa = PBXBuildFile; fileRef = D546E72329F7B854000BAA7A /* SceneDelegate.swift */; };
		D546E72929F7B854000BAA7A /* Main.storyboard in Resources */ = {isa = PBXBuildFile; fileRef = D546E72729F7B854000BAA7A /* Main.storyboard */; };
		D546E72C29F7B855000BAA7A /* PokemonApp.xcdatamodeld in Sources */ = {isa = PBXBuildFile; fileRef = D546E72A29F7B855000BAA7A /* PokemonApp.xcdatamodeld */; };
		D546E72E29F7B857000BAA7A /* Assets.xcassets in Resources */ = {isa = PBXBuildFile; fileRef = D546E72D29F7B857000BAA7A /* Assets.xcassets */; };
		D546E73129F7B857000BAA7A /* LaunchScreen.storyboard in Resources */ = {isa = PBXBuildFile; fileRef = D546E72F29F7B857000BAA7A /* LaunchScreen.storyboard */; };
		D546E73B29F7CA2E000BAA7A /* QueryService.swift in Sources */ = {isa = PBXBuildFile; fileRef = D546E73A29F7CA2E000BAA7A /* QueryService.swift */; };
		D546E73D29F7D05E000BAA7A /* Pokemon.swift in Sources */ = {isa = PBXBuildFile; fileRef = D546E73C29F7D05E000BAA7A /* Pokemon.swift */; };
		D5588A0329F7F2F4006A0C2D /* PokemonCell.swift in Sources */ = {isa = PBXBuildFile; fileRef = D5588A0229F7F2F4006A0C2D /* PokemonCell.swift */; };
		D5588A0729F91197006A0C2D /* FavoritePokemon+CoreDataClass.swift in Sources */ = {isa = PBXBuildFile; fileRef = D5588A0529F91197006A0C2D /* FavoritePokemon+CoreDataClass.swift */; };
		D5588A1129F944CE006A0C2D /* PokemonsViewController.swift in Sources */ = {isa = PBXBuildFile; fileRef = D5588A1029F944CE006A0C2D /* PokemonsViewController.swift */; };
		D5588A1329F94DC7006A0C2D /* PokemonDetailViewController.swift in Sources */ = {isa = PBXBuildFile; fileRef = D5588A1229F94DC7006A0C2D /* PokemonDetailViewController.swift */; };
		D5954F462A00FE0F00C9F9B7 /* FavoritePokemonCell.swift in Sources */ = {isa = PBXBuildFile; fileRef = D5954F452A00FE0F00C9F9B7 /* FavoritePokemonCell.swift */; };
		D5954F4A2A013DE300C9F9B7 /* FavoritePokemonsViewController.swift in Sources */ = {isa = PBXBuildFile; fileRef = D5954F492A013DE300C9F9B7 /* FavoritePokemonsViewController.swift */; };
		D5AC2ABC2A09144D004478C6 /* PokeError.swift in Sources */ = {isa = PBXBuildFile; fileRef = D5AC2ABB2A09144D004478C6 /* PokeError.swift */; };
		D5AC2ABE2A0917E0004478C6 /* PokemonDetails.swift in Sources */ = {isa = PBXBuildFile; fileRef = D5AC2ABD2A0917E0004478C6 /* PokemonDetails.swift */; };
/* End PBXBuildFile section */

/* Begin PBXFileReference section */
		D534824029F968EC00780D54 /* DetailQueryService.swift */ = {isa = PBXFileReference; lastKnownFileType = sourcecode.swift; path = DetailQueryService.swift; sourceTree = "<group>"; };
		D534824429FAAE3300780D54 /* BasePokemon.swift */ = {isa = PBXFileReference; lastKnownFileType = sourcecode.swift; path = BasePokemon.swift; sourceTree = "<group>"; };
		D546E71E29F7B854000BAA7A /* PokemonApp.app */ = {isa = PBXFileReference; explicitFileType = wrapper.application; includeInIndex = 0; path = PokemonApp.app; sourceTree = BUILT_PRODUCTS_DIR; };
		D546E72129F7B854000BAA7A /* AppDelegate.swift */ = {isa = PBXFileReference; lastKnownFileType = sourcecode.swift; path = AppDelegate.swift; sourceTree = "<group>"; };
		D546E72329F7B854000BAA7A /* SceneDelegate.swift */ = {isa = PBXFileReference; lastKnownFileType = sourcecode.swift; path = SceneDelegate.swift; sourceTree = "<group>"; };
		D546E72829F7B854000BAA7A /* Base */ = {isa = PBXFileReference; lastKnownFileType = file.storyboard; name = Base; path = Base.lproj/Main.storyboard; sourceTree = "<group>"; };
		D546E72B29F7B855000BAA7A /* PokemonApp.xcdatamodel */ = {isa = PBXFileReference; lastKnownFileType = wrapper.xcdatamodel; path = PokemonApp.xcdatamodel; sourceTree = "<group>"; };
		D546E72D29F7B857000BAA7A /* Assets.xcassets */ = {isa = PBXFileReference; lastKnownFileType = folder.assetcatalog; path = Assets.xcassets; sourceTree = "<group>"; };
		D546E73029F7B857000BAA7A /* Base */ = {isa = PBXFileReference; lastKnownFileType = file.storyboard; name = Base; path = Base.lproj/LaunchScreen.storyboard; sourceTree = "<group>"; };
		D546E73229F7B857000BAA7A /* Info.plist */ = {isa = PBXFileReference; lastKnownFileType = text.plist.xml; path = Info.plist; sourceTree = "<group>"; };
		D546E73A29F7CA2E000BAA7A /* QueryService.swift */ = {isa = PBXFileReference; lastKnownFileType = sourcecode.swift; path = QueryService.swift; sourceTree = "<group>"; };
		D546E73C29F7D05E000BAA7A /* Pokemon.swift */ = {isa = PBXFileReference; lastKnownFileType = sourcecode.swift; path = Pokemon.swift; sourceTree = "<group>"; };
		D5588A0229F7F2F4006A0C2D /* PokemonCell.swift */ = {isa = PBXFileReference; lastKnownFileType = sourcecode.swift; path = PokemonCell.swift; sourceTree = "<group>"; };
		D5588A0529F91197006A0C2D /* FavoritePokemon+CoreDataClass.swift */ = {isa = PBXFileReference; lastKnownFileType = sourcecode.swift; path = "FavoritePokemon+CoreDataClass.swift"; sourceTree = SOURCE_ROOT; };
		D5588A1029F944CE006A0C2D /* PokemonsViewController.swift */ = {isa = PBXFileReference; lastKnownFileType = sourcecode.swift; path = PokemonsViewController.swift; sourceTree = "<group>"; };
		D5588A1229F94DC7006A0C2D /* PokemonDetailViewController.swift */ = {isa = PBXFileReference; lastKnownFileType = sourcecode.swift; path = PokemonDetailViewController.swift; sourceTree = "<group>"; };
		D5954F452A00FE0F00C9F9B7 /* FavoritePokemonCell.swift */ = {isa = PBXFileReference; lastKnownFileType = sourcecode.swift; path = FavoritePokemonCell.swift; sourceTree = "<group>"; };
		D5954F492A013DE300C9F9B7 /* FavoritePokemonsViewController.swift */ = {isa = PBXFileReference; lastKnownFileType = sourcecode.swift; path = FavoritePokemonsViewController.swift; sourceTree = "<group>"; };
		D5AC2ABB2A09144D004478C6 /* PokeError.swift */ = {isa = PBXFileReference; lastKnownFileType = sourcecode.swift; path = PokeError.swift; sourceTree = "<group>"; };
		D5AC2ABD2A0917E0004478C6 /* PokemonDetails.swift */ = {isa = PBXFileReference; lastKnownFileType = sourcecode.swift; path = PokemonDetails.swift; sourceTree = "<group>"; };
/* End PBXFileReference section */

/* Begin PBXFrameworksBuildPhase section */
		D546E71B29F7B854000BAA7A /* Frameworks */ = {
			isa = PBXFrameworksBuildPhase;
			buildActionMask = 2147483647;
			files = (
			);
			runOnlyForDeploymentPostprocessing = 0;
		};
/* End PBXFrameworksBuildPhase section */

/* Begin PBXGroup section */
		D546E71529F7B854000BAA7A = {
			isa = PBXGroup;
			children = (
				D546E72029F7B854000BAA7A /* PokemonApp */,
				D546E71F29F7B854000BAA7A /* Products */,
			);
			sourceTree = "<group>";
		};
		D546E71F29F7B854000BAA7A /* Products */ = {
			isa = PBXGroup;
			children = (
				D546E71E29F7B854000BAA7A /* PokemonApp.app */,
			);
			name = Products;
			sourceTree = "<group>";
		};
		D546E72029F7B854000BAA7A /* PokemonApp */ = {
			isa = PBXGroup;
			children = (
				D5588A0F29F9448E006A0C2D /* Controller */,
				D5588A0429F90FB2006A0C2D /* Model */,
				D546E72129F7B854000BAA7A /* AppDelegate.swift */,
				D546E72329F7B854000BAA7A /* SceneDelegate.swift */,
				D546E72729F7B854000BAA7A /* Main.storyboard */,
				D546E72D29F7B857000BAA7A /* Assets.xcassets */,
				D546E72F29F7B857000BAA7A /* LaunchScreen.storyboard */,
				D546E73229F7B857000BAA7A /* Info.plist */,
				D5588A0229F7F2F4006A0C2D /* PokemonCell.swift */,
				D5954F452A00FE0F00C9F9B7 /* FavoritePokemonCell.swift */,
			);
			path = PokemonApp;
			sourceTree = "<group>";
		};
		D5588A0429F90FB2006A0C2D /* Model */ = {
			isa = PBXGroup;
			children = (
				D546E72A29F7B855000BAA7A /* PokemonApp.xcdatamodeld */,
				D546E73C29F7D05E000BAA7A /* Pokemon.swift */,
				D5AC2ABD2A0917E0004478C6 /* PokemonDetails.swift */,
				D534824429FAAE3300780D54 /* BasePokemon.swift */,
				D5588A0529F91197006A0C2D /* FavoritePokemon+CoreDataClass.swift */,
				D546E73A29F7CA2E000BAA7A /* QueryService.swift */,
				D534824029F968EC00780D54 /* DetailQueryService.swift */,
				D5AC2ABB2A09144D004478C6 /* PokeError.swift */,
			);
			path = Model;
			sourceTree = "<group>";
		};
		D5588A0F29F9448E006A0C2D /* Controller */ = {
			isa = PBXGroup;
			children = (
				D5588A1029F944CE006A0C2D /* PokemonsViewController.swift */,
				D5588A1229F94DC7006A0C2D /* PokemonDetailViewController.swift */,
				D5954F492A013DE300C9F9B7 /* FavoritePokemonsViewController.swift */,
			);
			path = Controller;
			sourceTree = "<group>";
		};
/* End PBXGroup section */

/* Begin PBXNativeTarget section */
		D546E71D29F7B854000BAA7A /* PokemonApp */ = {
			isa = PBXNativeTarget;
			buildConfigurationList = D546E73529F7B857000BAA7A /* Build configuration list for PBXNativeTarget "PokemonApp" */;
			buildPhases = (
				D546E71A29F7B854000BAA7A /* Sources */,
				D546E71B29F7B854000BAA7A /* Frameworks */,
				D546E71C29F7B854000BAA7A /* Resources */,
			);
			buildRules = (
			);
			dependencies = (
			);
			name = PokemonApp;
			productName = PokemonApp;
			productReference = D546E71E29F7B854000BAA7A /* PokemonApp.app */;
			productType = "com.apple.product-type.application";
		};
/* End PBXNativeTarget section */

/* Begin PBXProject section */
		D546E71629F7B854000BAA7A /* Project object */ = {
			isa = PBXProject;
			attributes = {
				BuildIndependentTargetsInParallel = 1;
				LastSwiftUpdateCheck = 1430;
				LastUpgradeCheck = 1430;
				TargetAttributes = {
					D546E71D29F7B854000BAA7A = {
						CreatedOnToolsVersion = 14.3;
					};
				};
			};
			buildConfigurationList = D546E71929F7B854000BAA7A /* Build configuration list for PBXProject "PokemonApp" */;
			compatibilityVersion = "Xcode 14.0";
			developmentRegion = en;
			hasScannedForEncodings = 0;
			knownRegions = (
				en,
				Base,
			);
			mainGroup = D546E71529F7B854000BAA7A;
			productRefGroup = D546E71F29F7B854000BAA7A /* Products */;
			projectDirPath = "";
			projectRoot = "";
			targets = (
				D546E71D29F7B854000BAA7A /* PokemonApp */,
			);
		};
/* End PBXProject section */

/* Begin PBXResourcesBuildPhase section */
		D546E71C29F7B854000BAA7A /* Resources */ = {
			isa = PBXResourcesBuildPhase;
			buildActionMask = 2147483647;
			files = (
				D546E73129F7B857000BAA7A /* LaunchScreen.storyboard in Resources */,
				D546E72E29F7B857000BAA7A /* Assets.xcassets in Resources */,
				D546E72929F7B854000BAA7A /* Main.storyboard in Resources */,
			);
			runOnlyForDeploymentPostprocessing = 0;
		};
/* End PBXResourcesBuildPhase section */

/* Begin PBXSourcesBuildPhase section */
		D546E71A29F7B854000BAA7A /* Sources */ = {
			isa = PBXSourcesBuildPhase;
			buildActionMask = 2147483647;
			files = (
				D534824629FAAE4A00780D54 /* BasePokemon.swift in Sources */,
				D546E72C29F7B855000BAA7A /* PokemonApp.xcdatamodeld in Sources */,
				D546E73B29F7CA2E000BAA7A /* QueryService.swift in Sources */,
				D5588A1129F944CE006A0C2D /* PokemonsViewController.swift in Sources */,
				D534824129F968EC00780D54 /* DetailQueryService.swift in Sources */,
				D5588A0729F91197006A0C2D /* FavoritePokemon+CoreDataClass.swift in Sources */,
				D5954F4A2A013DE300C9F9B7 /* FavoritePokemonsViewController.swift in Sources */,
				D546E72229F7B854000BAA7A /* AppDelegate.swift in Sources */,
				D5954F462A00FE0F00C9F9B7 /* FavoritePokemonCell.swift in Sources */,
				D546E72429F7B854000BAA7A /* SceneDelegate.swift in Sources */,
				D5588A0329F7F2F4006A0C2D /* PokemonCell.swift in Sources */,
				D546E73D29F7D05E000BAA7A /* Pokemon.swift in Sources */,
				D5588A1329F94DC7006A0C2D /* PokemonDetailViewController.swift in Sources */,
				D5AC2ABC2A09144D004478C6 /* PokeError.swift in Sources */,
				D5AC2ABE2A0917E0004478C6 /* PokemonDetails.swift in Sources */,
			);
			runOnlyForDeploymentPostprocessing = 0;
		};
/* End PBXSourcesBuildPhase section */

/* Begin PBXVariantGroup section */
		D546E72729F7B854000BAA7A /* Main.storyboard */ = {
			isa = PBXVariantGroup;
			children = (
				D546E72829F7B854000BAA7A /* Base */,
			);
			name = Main.storyboard;
			sourceTree = "<group>";
		};
		D546E72F29F7B857000BAA7A /* LaunchScreen.storyboard */ = {
			isa = PBXVariantGroup;
			children = (
				D546E73029F7B857000BAA7A /* Base */,
			);
			name = LaunchScreen.storyboard;
			sourceTree = "<group>";
		};
/* End PBXVariantGroup section */

/* Begin XCBuildConfiguration section */
		D546E73329F7B857000BAA7A /* Debug */ = {
			isa = XCBuildConfiguration;
			buildSettings = {
				ALWAYS_SEARCH_USER_PATHS = NO;
				CLANG_ANALYZER_NONNULL = YES;
				CLANG_ANALYZER_NUMBER_OBJECT_CONVERSION = YES_AGGRESSIVE;
				CLANG_CXX_LANGUAGE_STANDARD = "gnu++20";
				CLANG_ENABLE_MODULES = YES;
				CLANG_ENABLE_OBJC_ARC = YES;
				CLANG_ENABLE_OBJC_WEAK = YES;
				CLANG_WARN_BLOCK_CAPTURE_AUTORELEASING = YES;
				CLANG_WARN_BOOL_CONVERSION = YES;
				CLANG_WARN_COMMA = YES;
				CLANG_WARN_CONSTANT_CONVERSION = YES;
				CLANG_WARN_DEPRECATED_OBJC_IMPLEMENTATIONS = YES;
				CLANG_WARN_DIRECT_OBJC_ISA_USAGE = YES_ERROR;
				CLANG_WARN_DOCUMENTATION_COMMENTS = YES;
				CLANG_WARN_EMPTY_BODY = YES;
				CLANG_WARN_ENUM_CONVERSION = YES;
				CLANG_WARN_INFINITE_RECURSION = YES;
				CLANG_WARN_INT_CONVERSION = YES;
				CLANG_WARN_NON_LITERAL_NULL_CONVERSION = YES;
				CLANG_WARN_OBJC_IMPLICIT_RETAIN_SELF = YES;
				CLANG_WARN_OBJC_LITERAL_CONVERSION = YES;
				CLANG_WARN_OBJC_ROOT_CLASS = YES_ERROR;
				CLANG_WARN_QUOTED_INCLUDE_IN_FRAMEWORK_HEADER = YES;
				CLANG_WARN_RANGE_LOOP_ANALYSIS = YES;
				CLANG_WARN_STRICT_PROTOTYPES = YES;
				CLANG_WARN_SUSPICIOUS_MOVE = YES;
				CLANG_WARN_UNGUARDED_AVAILABILITY = YES_AGGRESSIVE;
				CLANG_WARN_UNREACHABLE_CODE = YES;
				CLANG_WARN__DUPLICATE_METHOD_MATCH = YES;
				COPY_PHASE_STRIP = NO;
				DEBUG_INFORMATION_FORMAT = dwarf;
				ENABLE_STRICT_OBJC_MSGSEND = YES;
				ENABLE_TESTABILITY = YES;
				GCC_C_LANGUAGE_STANDARD = gnu11;
				GCC_DYNAMIC_NO_PIC = NO;
				GCC_NO_COMMON_BLOCKS = YES;
				GCC_OPTIMIZATION_LEVEL = 0;
				GCC_PREPROCESSOR_DEFINITIONS = (
					"DEBUG=1",
					"$(inherited)",
				);
				GCC_WARN_64_TO_32_BIT_CONVERSION = YES;
				GCC_WARN_ABOUT_RETURN_TYPE = YES_ERROR;
				GCC_WARN_UNDECLARED_SELECTOR = YES;
				GCC_WARN_UNINITIALIZED_AUTOS = YES_AGGRESSIVE;
				GCC_WARN_UNUSED_FUNCTION = YES;
				GCC_WARN_UNUSED_VARIABLE = YES;
				IPHONEOS_DEPLOYMENT_TARGET = 16.4;
				MTL_ENABLE_DEBUG_INFO = INCLUDE_SOURCE;
				MTL_FAST_MATH = YES;
				ONLY_ACTIVE_ARCH = YES;
				SDKROOT = iphoneos;
				SWIFT_ACTIVE_COMPILATION_CONDITIONS = DEBUG;
				SWIFT_OPTIMIZATION_LEVEL = "-Onone";
			};
			name = Debug;
		};
		D546E73429F7B857000BAA7A /* Release */ = {
			isa = XCBuildConfiguration;
			buildSettings = {
				ALWAYS_SEARCH_USER_PATHS = NO;
				CLANG_ANALYZER_NONNULL = YES;
				CLANG_ANALYZER_NUMBER_OBJECT_CONVERSION = YES_AGGRESSIVE;
				CLANG_CXX_LANGUAGE_STANDARD = "gnu++20";
				CLANG_ENABLE_MODULES = YES;
				CLANG_ENABLE_OBJC_ARC = YES;
				CLANG_ENABLE_OBJC_WEAK = YES;
				CLANG_WARN_BLOCK_CAPTURE_AUTORELEASING = YES;
				CLANG_WARN_BOOL_CONVERSION = YES;
				CLANG_WARN_COMMA = YES;
				CLANG_WARN_CONSTANT_CONVERSION = YES;
				CLANG_WARN_DEPRECATED_OBJC_IMPLEMENTATIONS = YES;
				CLANG_WARN_DIRECT_OBJC_ISA_USAGE = YES_ERROR;
				CLANG_WARN_DOCUMENTATION_COMMENTS = YES;
				CLANG_WARN_EMPTY_BODY = YES;
				CLANG_WARN_ENUM_CONVERSION = YES;
				CLANG_WARN_INFINITE_RECURSION = YES;
				CLANG_WARN_INT_CONVERSION = YES;
				CLANG_WARN_NON_LITERAL_NULL_CONVERSION = YES;
				CLANG_WARN_OBJC_IMPLICIT_RETAIN_SELF = YES;
				CLANG_WARN_OBJC_LITERAL_CONVERSION = YES;
				CLANG_WARN_OBJC_ROOT_CLASS = YES_ERROR;
				CLANG_WARN_QUOTED_INCLUDE_IN_FRAMEWORK_HEADER = YES;
				CLANG_WARN_RANGE_LOOP_ANALYSIS = YES;
				CLANG_WARN_STRICT_PROTOTYPES = YES;
				CLANG_WARN_SUSPICIOUS_MOVE = YES;
				CLANG_WARN_UNGUARDED_AVAILABILITY = YES_AGGRESSIVE;
				CLANG_WARN_UNREACHABLE_CODE = YES;
				CLANG_WARN__DUPLICATE_METHOD_MATCH = YES;
				COPY_PHASE_STRIP = NO;
				DEBUG_INFORMATION_FORMAT = "dwarf-with-dsym";
				ENABLE_NS_ASSERTIONS = NO;
				ENABLE_STRICT_OBJC_MSGSEND = YES;
				GCC_C_LANGUAGE_STANDARD = gnu11;
				GCC_NO_COMMON_BLOCKS = YES;
				GCC_WARN_64_TO_32_BIT_CONVERSION = YES;
				GCC_WARN_ABOUT_RETURN_TYPE = YES_ERROR;
				GCC_WARN_UNDECLARED_SELECTOR = YES;
				GCC_WARN_UNINITIALIZED_AUTOS = YES_AGGRESSIVE;
				GCC_WARN_UNUSED_FUNCTION = YES;
				GCC_WARN_UNUSED_VARIABLE = YES;
				IPHONEOS_DEPLOYMENT_TARGET = 16.4;
				MTL_ENABLE_DEBUG_INFO = NO;
				MTL_FAST_MATH = YES;
				SDKROOT = iphoneos;
				SWIFT_COMPILATION_MODE = wholemodule;
				SWIFT_OPTIMIZATION_LEVEL = "-O";
				VALIDATE_PRODUCT = YES;
			};
			name = Release;
		};
		D546E73629F7B857000BAA7A /* Debug */ = {
			isa = XCBuildConfiguration;
			buildSettings = {
				ASSETCATALOG_COMPILER_APPICON_NAME = AppIcon;
				ASSETCATALOG_COMPILER_GLOBAL_ACCENT_COLOR_NAME = AccentColor;
				CODE_SIGN_STYLE = Automatic;
				CURRENT_PROJECT_VERSION = 1;
				GENERATE_INFOPLIST_FILE = YES;
				INFOPLIST_FILE = PokemonApp/Info.plist;
				INFOPLIST_KEY_UIApplicationSupportsIndirectInputEvents = YES;
				INFOPLIST_KEY_UILaunchStoryboardName = LaunchScreen;
				INFOPLIST_KEY_UIMainStoryboardFile = Main;
				INFOPLIST_KEY_UISupportedInterfaceOrientations_iPad = "UIInterfaceOrientationPortrait UIInterfaceOrientationPortraitUpsideDown UIInterfaceOrientationLandscapeLeft UIInterfaceOrientationLandscapeRight";
				INFOPLIST_KEY_UISupportedInterfaceOrientations_iPhone = "UIInterfaceOrientationPortrait UIInterfaceOrientationLandscapeLeft UIInterfaceOrientationLandscapeRight";
				LD_RUNPATH_SEARCH_PATHS = (
					"$(inherited)",
					"@executable_path/Frameworks",
				);
				MARKETING_VERSION = 1.0;
				PRODUCT_BUNDLE_IDENTIFIER = None.PokemonApp;
				PRODUCT_NAME = "$(TARGET_NAME)";
				SWIFT_EMIT_LOC_STRINGS = YES;
				SWIFT_VERSION = 5.0;
				TARGETED_DEVICE_FAMILY = "1,2";
			};
			name = Debug;
		};
		D546E73729F7B857000BAA7A /* Release */ = {
			isa = XCBuildConfiguration;
			buildSettings = {
				ASSETCATALOG_COMPILER_APPICON_NAME = AppIcon;
				ASSETCATALOG_COMPILER_GLOBAL_ACCENT_COLOR_NAME = AccentColor;
				CODE_SIGN_STYLE = Automatic;
				CURRENT_PROJECT_VERSION = 1;
				GENERATE_INFOPLIST_FILE = YES;
				INFOPLIST_FILE = PokemonApp/Info.plist;
				INFOPLIST_KEY_UIApplicationSupportsIndirectInputEvents = YES;
				INFOPLIST_KEY_UILaunchStoryboardName = LaunchScreen;
				INFOPLIST_KEY_UIMainStoryboardFile = Main;
				INFOPLIST_KEY_UISupportedInterfaceOrientations_iPad = "UIInterfaceOrientationPortrait UIInterfaceOrientationPortraitUpsideDown UIInterfaceOrientationLandscapeLeft UIInterfaceOrientationLandscapeRight";
				INFOPLIST_KEY_UISupportedInterfaceOrientations_iPhone = "UIInterfaceOrientationPortrait UIInterfaceOrientationLandscapeLeft UIInterfaceOrientationLandscapeRight";
				LD_RUNPATH_SEARCH_PATHS = (
					"$(inherited)",
					"@executable_path/Frameworks",
				);
				MARKETING_VERSION = 1.0;
				PRODUCT_BUNDLE_IDENTIFIER = None.PokemonApp;
				PRODUCT_NAME = "$(TARGET_NAME)";
				SWIFT_EMIT_LOC_STRINGS = YES;
				SWIFT_VERSION = 5.0;
				TARGETED_DEVICE_FAMILY = "1,2";
			};
			name = Release;
		};
/* End XCBuildConfiguration section */

/* Begin XCConfigurationList section */
		D546E71929F7B854000BAA7A /* Build configuration list for PBXProject "PokemonApp" */ = {
			isa = XCConfigurationList;
			buildConfigurations = (
				D546E73329F7B857000BAA7A /* Debug */,
				D546E73429F7B857000BAA7A /* Release */,
			);
			defaultConfigurationIsVisible = 0;
			defaultConfigurationName = Release;
		};
		D546E73529F7B857000BAA7A /* Build configuration list for PBXNativeTarget "PokemonApp" */ = {
			isa = XCConfigurationList;
			buildConfigurations = (
				D546E73629F7B857000BAA7A /* Debug */,
				D546E73729F7B857000BAA7A /* Release */,
			);
			defaultConfigurationIsVisible = 0;
			defaultConfigurationName = Release;
		};
/* End XCConfigurationList section */

/* Begin XCVersionGroup section */
		D546E72A29F7B855000BAA7A /* PokemonApp.xcdatamodeld */ = {
			isa = XCVersionGroup;
			children = (
				D546E72B29F7B855000BAA7A /* PokemonApp.xcdatamodel */,
			);
			currentVersion = D546E72B29F7B855000BAA7A /* PokemonApp.xcdatamodel */;
			path = PokemonApp.xcdatamodeld;
			sourceTree = "<group>";
			versionGroupType = wrapper.xcdatamodel;
		};
/* End XCVersionGroup section */
	};
	rootObject = D546E71629F7B854000BAA7A /* Project object */;
}
